
Microsoft Visual Studio Solution File, Format Version 12.00
# Visual Studio Version 17
VisualStudioVersion = 17.5.33516.290
MinimumVisualStudioVersion = 10.0.40219.1
Project("{9A19103F-16F7-4668-BE54-9A1E7A4F7556}") = "SistemaDeContaBancaria", "Estudos\SistemaDeContaBancaria.csproj", "{3FCC434E-D3D6-4D0F-8224-4E0C425C644E}"
EndProject
Global
	GlobalSection(SolutionConfigurationPlatforms) = preSolution
		Debug|Any CPU = Debug|Any CPU
		Release|Any CPU = Release|Any CPU
	EndGlobalSection
	GlobalSection(ProjectConfigurationPlatforms) = postSolution
		{3FCC434E-D3D6-4D0F-8224-4E0C425C644E}.Debug|Any CPU.ActiveCfg = Debug|Any CPU
		{3FCC434E-D3D6-4D0F-8224-4E0C425C644E}.Debug|Any CPU.Build.0 = Debug|Any CPU
		{3FCC434E-D3D6-4D0F-8224-4E0C425C644E}.Release|Any CPU.ActiveCfg = Release|Any CPU
		{3FCC434E-D3D6-4D0F-8224-4E0C425C644E}.Release|Any CPU.Build.0 = Release|Any CPU
	EndGlobalSection
	GlobalSection(SolutionProperties) = preSolution
		HideSolutionNode = FALSE
	EndGlobalSection
	GlobalSection(ExtensibilityGlobals) = postSolution
		SolutionGuid = {AFE0E3EE-DFF2-432C-8452-1FE543AC6B2F}
	EndGlobalSection
EndGlobal
